
Microsoft Visual Studio Solution File, Format Version 12.00
# Visual Studio Version 16
VisualStudioVersion = 16.0.31321.278
MinimumVisualStudioVersion = 10.0.40219.1
Project("{FAE04EC0-301F-11D3-BF4B-00C04F79EFBC}") = "HTMLHelpers2", "HTMLHelpers2\HTMLHelpers2.csproj", "{AC93F7AF-F7AF-4DA9-B047-1E3768021835}"
EndProject
Global
	GlobalSection(SolutionConfigurationPlatforms) = preSolution
		Debug|Any CPU = Debug|Any CPU
		Release|Any CPU = Release|Any CPU
	EndGlobalSection
	GlobalSection(ProjectConfigurationPlatforms) = postSolution
		{AC93F7AF-F7AF-4DA9-B047-1E3768021835}.Debug|Any CPU.ActiveCfg = Debug|Any CPU
		{AC93F7AF-F7AF-4DA9-B047-1E3768021835}.Debug|Any CPU.Build.0 = Debug|Any CPU
		{AC93F7AF-F7AF-4DA9-B047-1E3768021835}.Release|Any CPU.ActiveCfg = Release|Any CPU
		{AC93F7AF-F7AF-4DA9-B047-1E3768021835}.Release|Any CPU.Build.0 = Release|Any CPU
	EndGlobalSection
	GlobalSection(SolutionProperties) = preSolution
		HideSolutionNode = FALSE
	EndGlobalSection
	GlobalSection(ExtensibilityGlobals) = postSolution
		SolutionGuid = {A9321C5F-022E-46AE-999C-92919BC2683F}
	EndGlobalSection
EndGlobal
